
Microsoft Visual Studio Solution File, Format Version 12.00
# Visual Studio Version 17
VisualStudioVersion = 17.2.32630.192
MinimumVisualStudioVersion = 10.0.40219.1
Project("{FAE04EC0-301F-11D3-BF4B-00C04F79EFBC}") = "ASPNETMVCCRUD", "ASPNETMVCCRUD\ASPNETMVCCRUD.csproj", "{2EC0F1AF-4548-468D-8C0E-7874E6AEA7CF}"
EndProject
Global
	GlobalSection(SolutionConfigurationPlatforms) = preSolution
		Debug|Any CPU = Debug|Any CPU
		Release|Any CPU = Release|Any CPU
	EndGlobalSection
	GlobalSection(ProjectConfigurationPlatforms) = postSolution
		{2EC0F1AF-4548-468D-8C0E-7874E6AEA7CF}.Debug|Any CPU.ActiveCfg = Debug|Any CPU
		{2EC0F1AF-4548-468D-8C0E-7874E6AEA7CF}.Debug|Any CPU.Build.0 = Debug|Any CPU
		{2EC0F1AF-4548-468D-8C0E-7874E6AEA7CF}.Release|Any CPU.ActiveCfg = Release|Any CPU
		{2EC0F1AF-4548-468D-8C0E-7874E6AEA7CF}.Release|Any CPU.Build.0 = Release|Any CPU
	EndGlobalSection
	GlobalSection(SolutionProperties) = preSolution
		HideSolutionNode = FALSE
	EndGlobalSection
	GlobalSection(ExtensibilityGlobals) = postSolution
		SolutionGuid = {A6A5131E-7C4E-4C2E-9CD2-2B4D0FD0B986}
	EndGlobalSection
EndGlobal
